// !$*UTF8*$!
{
	archiveVersion = 1;
	classes = {
	};
	objectVersion = 56;
	objects = {

/* Begin PBXBuildFile section */
		1D1C9C25293724E400FD8919 /* countriesApp.swift in Sources */ = {isa = PBXBuildFile; fileRef = 1D1C9C24293724E400FD8919 /* countriesApp.swift */; };
		1D1C9C29293724E600FD8919 /* Assets.xcassets in Resources */ = {isa = PBXBuildFile; fileRef = 1D1C9C28293724E600FD8919 /* Assets.xcassets */; };
		1D1C9C2D293724E600FD8919 /* Preview Assets.xcassets in Resources */ = {isa = PBXBuildFile; fileRef = 1D1C9C2C293724E600FD8919 /* Preview Assets.xcassets */; };
		1D592AFB293EB23C00EFC036 /* MapView.swift in Sources */ = {isa = PBXBuildFile; fileRef = 1D592AFA293EB23C00EFC036 /* MapView.swift */; };
		1DD8747A29392DF000000DA0 /* APIManager.swift in Sources */ = {isa = PBXBuildFile; fileRef = 1DD8747929392DF000000DA0 /* APIManager.swift */; };
		1DD8747D29393DB000000DA0 /* CountryAPIRouter.swift in Sources */ = {isa = PBXBuildFile; fileRef = 1DD8747C29393DB000000DA0 /* CountryAPIRouter.swift */; };
		1DD874802939443C00000DA0 /* CountryServices.swift in Sources */ = {isa = PBXBuildFile; fileRef = 1DD8747F2939443C00000DA0 /* CountryServices.swift */; };
		1DD87484293947C700000DA0 /* CountryResponse.swift in Sources */ = {isa = PBXBuildFile; fileRef = 1DD87483293947C700000DA0 /* CountryResponse.swift */; };
		1DD874862939496600000DA0 /* CountryViewModel.swift in Sources */ = {isa = PBXBuildFile; fileRef = 1DD874852939496600000DA0 /* CountryViewModel.swift */; };
		1DD8748829394DC200000DA0 /* CountriesView.swift in Sources */ = {isa = PBXBuildFile; fileRef = 1DD8748729394DC200000DA0 /* CountriesView.swift */; };
		1DD8748A293A75E000000DA0 /* CountryView.swift in Sources */ = {isa = PBXBuildFile; fileRef = 1DD87489293A75E000000DA0 /* CountryView.swift */; };
		1DD8748C293A76C300000DA0 /* Utils.swift in Sources */ = {isa = PBXBuildFile; fileRef = 1DD8748B293A76C300000DA0 /* Utils.swift */; };
		550BDAE64E03DF6C2D40FDB4 /* Pods_countries.framework in Frameworks */ = {isa = PBXBuildFile; fileRef = 4AC001BDF2E5805F8170B464 /* Pods_countries.framework */; };
/* End PBXBuildFile section */

/* Begin PBXFileReference section */
		12794B7B132DE526E35B41AA /* Pods-countries.release.xcconfig */ = {isa = PBXFileReference; includeInIndex = 1; lastKnownFileType = text.xcconfig; name = "Pods-countries.release.xcconfig"; path = "Target Support Files/Pods-countries/Pods-countries.release.xcconfig"; sourceTree = "<group>"; };
		1D1C9C21293724E400FD8919 /* countries.app */ = {isa = PBXFileReference; explicitFileType = wrapper.application; includeInIndex = 0; path = countries.app; sourceTree = BUILT_PRODUCTS_DIR; };
		1D1C9C24293724E400FD8919 /* countriesApp.swift */ = {isa = PBXFileReference; lastKnownFileType = sourcecode.swift; path = countriesApp.swift; sourceTree = "<group>"; };
		1D1C9C28293724E600FD8919 /* Assets.xcassets */ = {isa = PBXFileReference; lastKnownFileType = folder.assetcatalog; path = Assets.xcassets; sourceTree = "<group>"; };
		1D1C9C2A293724E600FD8919 /* countries.entitlements */ = {isa = PBXFileReference; lastKnownFileType = text.plist.entitlements; path = countries.entitlements; sourceTree = "<group>"; };
		1D1C9C2C293724E600FD8919 /* Preview Assets.xcassets */ = {isa = PBXFileReference; lastKnownFileType = folder.assetcatalog; path = "Preview Assets.xcassets"; sourceTree = "<group>"; };
		1D592AFA293EB23C00EFC036 /* MapView.swift */ = {isa = PBXFileReference; lastKnownFileType = sourcecode.swift; path = MapView.swift; sourceTree = "<group>"; };
		1DD8747929392DF000000DA0 /* APIManager.swift */ = {isa = PBXFileReference; lastKnownFileType = sourcecode.swift; path = APIManager.swift; sourceTree = "<group>"; };
		1DD8747C29393DB000000DA0 /* CountryAPIRouter.swift */ = {isa = PBXFileReference; lastKnownFileType = sourcecode.swift; path = CountryAPIRouter.swift; sourceTree = "<group>"; };
		1DD8747F2939443C00000DA0 /* CountryServices.swift */ = {isa = PBXFileReference; lastKnownFileType = sourcecode.swift; path = CountryServices.swift; sourceTree = "<group>"; };
		1DD87483293947C700000DA0 /* CountryResponse.swift */ = {isa = PBXFileReference; lastKnownFileType = sourcecode.swift; path = CountryResponse.swift; sourceTree = "<group>"; };
		1DD874852939496600000DA0 /* CountryViewModel.swift */ = {isa = PBXFileReference; lastKnownFileType = sourcecode.swift; path = CountryViewModel.swift; sourceTree = "<group>"; };
		1DD8748729394DC200000DA0 /* CountriesView.swift */ = {isa = PBXFileReference; lastKnownFileType = sourcecode.swift; path = CountriesView.swift; sourceTree = "<group>"; };
		1DD87489293A75E000000DA0 /* CountryView.swift */ = {isa = PBXFileReference; lastKnownFileType = sourcecode.swift; path = CountryView.swift; sourceTree = "<group>"; };
		1DD8748B293A76C300000DA0 /* Utils.swift */ = {isa = PBXFileReference; lastKnownFileType = sourcecode.swift; path = Utils.swift; sourceTree = "<group>"; };
		4AC001BDF2E5805F8170B464 /* Pods_countries.framework */ = {isa = PBXFileReference; explicitFileType = wrapper.framework; includeInIndex = 0; path = Pods_countries.framework; sourceTree = BUILT_PRODUCTS_DIR; };
		C84D2C2954002B400D2E0A3B /* Pods-countries.debug.xcconfig */ = {isa = PBXFileReference; includeInIndex = 1; lastKnownFileType = text.xcconfig; name = "Pods-countries.debug.xcconfig"; path = "Target Support Files/Pods-countries/Pods-countries.debug.xcconfig"; sourceTree = "<group>"; };
/* End PBXFileReference section */

/* Begin PBXFrameworksBuildPhase section */
		1D1C9C1E293724E400FD8919 /* Frameworks */ = {
			isa = PBXFrameworksBuildPhase;
			buildActionMask = 2147483647;
			files = (
				550BDAE64E03DF6C2D40FDB4 /* Pods_countries.framework in Frameworks */,
			);
			runOnlyForDeploymentPostprocessing = 0;
		};
/* End PBXFrameworksBuildPhase section */

/* Begin PBXGroup section */
		1D1C9C18293724E400FD8919 = {
			isa = PBXGroup;
			children = (
				1D1C9C23293724E400FD8919 /* countries */,
				1D1C9C22293724E400FD8919 /* Products */,
				6CBFA5BED8350F67445188DD /* Pods */,
				94067FE17360EEF51CE290EE /* Frameworks */,
			);
			sourceTree = "<group>";
		};
		1D1C9C22293724E400FD8919 /* Products */ = {
			isa = PBXGroup;
			children = (
				1D1C9C21293724E400FD8919 /* countries.app */,
			);
			name = Products;
			sourceTree = "<group>";
		};
		1D1C9C23293724E400FD8919 /* countries */ = {
			isa = PBXGroup;
			children = (
				1D1C9C24293724E400FD8919 /* countriesApp.swift */,
				1DD874812939466400000DA0 /* Features */,
				1DD8747829392DCE00000DA0 /* Network */,
				1D1C9C28293724E600FD8919 /* Assets.xcassets */,
				1D1C9C2A293724E600FD8919 /* countries.entitlements */,
				1D1C9C2B293724E600FD8919 /* Preview Content */,
			);
			path = countries;
			sourceTree = "<group>";
		};
		1D1C9C2B293724E600FD8919 /* Preview Content */ = {
			isa = PBXGroup;
			children = (
				1D1C9C2C293724E600FD8919 /* Preview Assets.xcassets */,
			);
			path = "Preview Content";
			sourceTree = "<group>";
		};
		1D592AF9293EB22F00EFC036 /* Map */ = {
			isa = PBXGroup;
			children = (
				1D592AFA293EB23C00EFC036 /* MapView.swift */,
			);
			path = Map;
			sourceTree = "<group>";
		};
		1DD8747829392DCE00000DA0 /* Network */ = {
			isa = PBXGroup;
			children = (
				1DD8747E2939442B00000DA0 /* Services */,
				1DD8747B29393D8700000DA0 /* Routers */,
				1DD8747929392DF000000DA0 /* APIManager.swift */,
			);
			path = Network;
			sourceTree = "<group>";
		};
		1DD8747B29393D8700000DA0 /* Routers */ = {
			isa = PBXGroup;
			children = (
				1DD8747C29393DB000000DA0 /* CountryAPIRouter.swift */,
			);
			path = Routers;
			sourceTree = "<group>";
		};
		1DD8747E2939442B00000DA0 /* Services */ = {
			isa = PBXGroup;
			children = (
				1DD8747F2939443C00000DA0 /* CountryServices.swift */,
			);
			path = Services;
			sourceTree = "<group>";
		};
		1DD874812939466400000DA0 /* Features */ = {
			isa = PBXGroup;
			children = (
				1D592AF9293EB22F00EFC036 /* Map */,
				1DD874822939466E00000DA0 /* Country */,
				1DD8748B293A76C300000DA0 /* Utils.swift */,
			);
			path = Features;
			sourceTree = "<group>";
		};
		1DD874822939466E00000DA0 /* Country */ = {
			isa = PBXGroup;
			children = (
				1DD87483293947C700000DA0 /* CountryResponse.swift */,
				1DD874852939496600000DA0 /* CountryViewModel.swift */,
				1DD8748729394DC200000DA0 /* CountriesView.swift */,
				1DD87489293A75E000000DA0 /* CountryView.swift */,
			);
			path = Country;
			sourceTree = "<group>";
		};
		6CBFA5BED8350F67445188DD /* Pods */ = {
			isa = PBXGroup;
			children = (
				C84D2C2954002B400D2E0A3B /* Pods-countries.debug.xcconfig */,
				12794B7B132DE526E35B41AA /* Pods-countries.release.xcconfig */,
			);
			path = Pods;
			sourceTree = "<group>";
		};
		94067FE17360EEF51CE290EE /* Frameworks */ = {
			isa = PBXGroup;
			children = (
				4AC001BDF2E5805F8170B464 /* Pods_countries.framework */,
			);
			name = Frameworks;
			sourceTree = "<group>";
		};
/* End PBXGroup section */

/* Begin PBXNativeTarget section */
		1D1C9C20293724E400FD8919 /* countries */ = {
			isa = PBXNativeTarget;
			buildConfigurationList = 1D1C9C30293724E600FD8919 /* Build configuration list for PBXNativeTarget "countries" */;
			buildPhases = (
				E3E985A65FAF0ED14BAB3363 /* [CP] Check Pods Manifest.lock */,
				1D1C9C1D293724E400FD8919 /* Sources */,
				1D1C9C1E293724E400FD8919 /* Frameworks */,
				1D1C9C1F293724E400FD8919 /* Resources */,
				06D3B9565D2CCA3D3815BD36 /* [CP] Embed Pods Frameworks */,
			);
			buildRules = (
			);
			dependencies = (
			);
			name = countries;
			productName = countries;
			productReference = 1D1C9C21293724E400FD8919 /* countries.app */;
			productType = "com.apple.product-type.application";
		};
/* End PBXNativeTarget section */

/* Begin PBXProject section */
		1D1C9C19293724E400FD8919 /* Project object */ = {
			isa = PBXProject;
			attributes = {
				BuildIndependentTargetsInParallel = 1;
				LastSwiftUpdateCheck = 1410;
				LastUpgradeCheck = 1410;
				TargetAttributes = {
					1D1C9C20293724E400FD8919 = {
						CreatedOnToolsVersion = 14.1;
					};
				};
			};
			buildConfigurationList = 1D1C9C1C293724E400FD8919 /* Build configuration list for PBXProject "countries" */;
			compatibilityVersion = "Xcode 14.0";
			developmentRegion = en;
			hasScannedForEncodings = 0;
			knownRegions = (
				en,
				Base,
			);
			mainGroup = 1D1C9C18293724E400FD8919;
			productRefGroup = 1D1C9C22293724E400FD8919 /* Products */;
			projectDirPath = "";
			projectRoot = "";
			targets = (
				1D1C9C20293724E400FD8919 /* countries */,
			);
		};
/* End PBXProject section */

/* Begin PBXResourcesBuildPhase section */
		1D1C9C1F293724E400FD8919 /* Resources */ = {
			isa = PBXResourcesBuildPhase;
			buildActionMask = 2147483647;
			files = (
				1D1C9C2D293724E600FD8919 /* Preview Assets.xcassets in Resources */,
				1D1C9C29293724E600FD8919 /* Assets.xcassets in Resources */,
			);
			runOnlyForDeploymentPostprocessing = 0;
		};
/* End PBXResourcesBuildPhase section */

/* Begin PBXShellScriptBuildPhase section */
		06D3B9565D2CCA3D3815BD36 /* [CP] Embed Pods Frameworks */ = {
			isa = PBXShellScriptBuildPhase;
			buildActionMask = 2147483647;
			files = (
			);
			inputFileListPaths = (
				"${PODS_ROOT}/Target Support Files/Pods-countries/Pods-countries-frameworks-${CONFIGURATION}-input-files.xcfilelist",
			);
			name = "[CP] Embed Pods Frameworks";
			outputFileListPaths = (
				"${PODS_ROOT}/Target Support Files/Pods-countries/Pods-countries-frameworks-${CONFIGURATION}-output-files.xcfilelist",
			);
			runOnlyForDeploymentPostprocessing = 0;
			shellPath = /bin/sh;
			shellScript = "\"${PODS_ROOT}/Target Support Files/Pods-countries/Pods-countries-frameworks.sh\"\n";
			showEnvVarsInLog = 0;
		};
		E3E985A65FAF0ED14BAB3363 /* [CP] Check Pods Manifest.lock */ = {
			isa = PBXShellScriptBuildPhase;
			buildActionMask = 2147483647;
			files = (
			);
			inputFileListPaths = (
			);
			inputPaths = (
				"${PODS_PODFILE_DIR_PATH}/Podfile.lock",
				"${PODS_ROOT}/Manifest.lock",
			);
			name = "[CP] Check Pods Manifest.lock";
			outputFileListPaths = (
			);
			outputPaths = (
				"$(DERIVED_FILE_DIR)/Pods-countries-checkManifestLockResult.txt",
			);
			runOnlyForDeploymentPostprocessing = 0;
			shellPath = /bin/sh;
			shellScript = "diff \"${PODS_PODFILE_DIR_PATH}/Podfile.lock\" \"${PODS_ROOT}/Manifest.lock\" > /dev/null\nif [ $? != 0 ] ; then\n    # print error to STDERR\n    echo \"error: The sandbox is not in sync with the Podfile.lock. Run 'pod install' or update your CocoaPods installation.\" >&2\n    exit 1\nfi\n# This output is used by Xcode 'outputs' to avoid re-running this script phase.\necho \"SUCCESS\" > \"${SCRIPT_OUTPUT_FILE_0}\"\n";
			showEnvVarsInLog = 0;
		};
/* End PBXShellScriptBuildPhase section */

/* Begin PBXSourcesBuildPhase section */
		1D1C9C1D293724E400FD8919 /* Sources */ = {
			isa = PBXSourcesBuildPhase;
			buildActionMask = 2147483647;
			files = (
				1DD8747D29393DB000000DA0 /* CountryAPIRouter.swift in Sources */,
				1DD8747A29392DF000000DA0 /* APIManager.swift in Sources */,
				1DD8748C293A76C300000DA0 /* Utils.swift in Sources */,
				1DD87484293947C700000DA0 /* CountryResponse.swift in Sources */,
				1DD8748A293A75E000000DA0 /* CountryView.swift in Sources */,
				1DD874802939443C00000DA0 /* CountryServices.swift in Sources */,
				1DD8748829394DC200000DA0 /* CountriesView.swift in Sources */,
				1D592AFB293EB23C00EFC036 /* MapView.swift in Sources */,
				1DD874862939496600000DA0 /* CountryViewModel.swift in Sources */,
				1D1C9C25293724E400FD8919 /* countriesApp.swift in Sources */,
			);
			runOnlyForDeploymentPostprocessing = 0;
		};
/* End PBXSourcesBuildPhase section */

/* Begin XCBuildConfiguration section */
		1D1C9C2E293724E600FD8919 /* Debug */ = {
			isa = XCBuildConfiguration;
			buildSettings = {
				ALWAYS_SEARCH_USER_PATHS = NO;
				CLANG_ANALYZER_NONNULL = YES;
				CLANG_ANALYZER_NUMBER_OBJECT_CONVERSION = YES_AGGRESSIVE;
				CLANG_CXX_LANGUAGE_STANDARD = "gnu++20";
				CLANG_ENABLE_MODULES = YES;
				CLANG_ENABLE_OBJC_ARC = YES;
				CLANG_ENABLE_OBJC_WEAK = YES;
				CLANG_WARN_BLOCK_CAPTURE_AUTORELEASING = YES;
				CLANG_WARN_BOOL_CONVERSION = YES;
				CLANG_WARN_COMMA = YES;
				CLANG_WARN_CONSTANT_CONVERSION = YES;
				CLANG_WARN_DEPRECATED_OBJC_IMPLEMENTATIONS = YES;
				CLANG_WARN_DIRECT_OBJC_ISA_USAGE = YES_ERROR;
				CLANG_WARN_DOCUMENTATION_COMMENTS = YES;
				CLANG_WARN_EMPTY_BODY = YES;
				CLANG_WARN_ENUM_CONVERSION = YES;
				CLANG_WARN_INFINITE_RECURSION = YES;
				CLANG_WARN_INT_CONVERSION = YES;
				CLANG_WARN_NON_LITERAL_NULL_CONVERSION = YES;
				CLANG_WARN_OBJC_IMPLICIT_RETAIN_SELF = YES;
				CLANG_WARN_OBJC_LITERAL_CONVERSION = YES;
				CLANG_WARN_OBJC_ROOT_CLASS = YES_ERROR;
				CLANG_WARN_QUOTED_INCLUDE_IN_FRAMEWORK_HEADER = YES;
				CLANG_WARN_RANGE_LOOP_ANALYSIS = YES;
				CLANG_WARN_STRICT_PROTOTYPES = YES;
				CLANG_WARN_SUSPICIOUS_MOVE = YES;
				CLANG_WARN_UNGUARDED_AVAILABILITY = YES_AGGRESSIVE;
				CLANG_WARN_UNREACHABLE_CODE = YES;
				CLANG_WARN__DUPLICATE_METHOD_MATCH = YES;
				COPY_PHASE_STRIP = NO;
				DEBUG_INFORMATION_FORMAT = dwarf;
				ENABLE_STRICT_OBJC_MSGSEND = YES;
				ENABLE_TESTABILITY = YES;
				GCC_C_LANGUAGE_STANDARD = gnu11;
				GCC_DYNAMIC_NO_PIC = NO;
				GCC_NO_COMMON_BLOCKS = YES;
				GCC_OPTIMIZATION_LEVEL = 0;
				GCC_PREPROCESSOR_DEFINITIONS = (
					"DEBUG=1",
					"$(inherited)",
				);
				GCC_WARN_64_TO_32_BIT_CONVERSION = YES;
				GCC_WARN_ABOUT_RETURN_TYPE = YES_ERROR;
				GCC_WARN_UNDECLARED_SELECTOR = YES;
				GCC_WARN_UNINITIALIZED_AUTOS = YES_AGGRESSIVE;
				GCC_WARN_UNUSED_FUNCTION = YES;
				GCC_WARN_UNUSED_VARIABLE = YES;
				MTL_ENABLE_DEBUG_INFO = INCLUDE_SOURCE;
				MTL_FAST_MATH = YES;
				ONLY_ACTIVE_ARCH = YES;
				SWIFT_ACTIVE_COMPILATION_CONDITIONS = DEBUG;
				SWIFT_OPTIMIZATION_LEVEL = "-Onone";
			};
			name = Debug;
		};
		1D1C9C2F293724E600FD8919 /* Release */ = {
			isa = XCBuildConfiguration;
			buildSettings = {
				ALWAYS_SEARCH_USER_PATHS = NO;
				CLANG_ANALYZER_NONNULL = YES;
				CLANG_ANALYZER_NUMBER_OBJECT_CONVERSION = YES_AGGRESSIVE;
				CLANG_CXX_LANGUAGE_STANDARD = "gnu++20";
				CLANG_ENABLE_MODULES = YES;
				CLANG_ENABLE_OBJC_ARC = YES;
				CLANG_ENABLE_OBJC_WEAK = YES;
				CLANG_WARN_BLOCK_CAPTURE_AUTORELEASING = YES;
				CLANG_WARN_BOOL_CONVERSION = YES;
				CLANG_WARN_COMMA = YES;
				CLANG_WARN_CONSTANT_CONVERSION = YES;
				CLANG_WARN_DEPRECATED_OBJC_IMPLEMENTATIONS = YES;
				CLANG_WARN_DIRECT_OBJC_ISA_USAGE = YES_ERROR;
				CLANG_WARN_DOCUMENTATION_COMMENTS = YES;
				CLANG_WARN_EMPTY_BODY = YES;
				CLANG_WARN_ENUM_CONVERSION = YES;
				CLANG_WARN_INFINITE_RECURSION = YES;
				CLANG_WARN_INT_CONVERSION = YES;
				CLANG_WARN_NON_LITERAL_NULL_CONVERSION = YES;
				CLANG_WARN_OBJC_IMPLICIT_RETAIN_SELF = YES;
				CLANG_WARN_OBJC_LITERAL_CONVERSION = YES;
				CLANG_WARN_OBJC_ROOT_CLASS = YES_ERROR;
				CLANG_WARN_QUOTED_INCLUDE_IN_FRAMEWORK_HEADER = YES;
				CLANG_WARN_RANGE_LOOP_ANALYSIS = YES;
				CLANG_WARN_STRICT_PROTOTYPES = YES;
				CLANG_WARN_SUSPICIOUS_MOVE = YES;
				CLANG_WARN_UNGUARDED_AVAILABILITY = YES_AGGRESSIVE;
				CLANG_WARN_UNREACHABLE_CODE = YES;
				CLANG_WARN__DUPLICATE_METHOD_MATCH = YES;
				COPY_PHASE_STRIP = NO;
				DEBUG_INFORMATION_FORMAT = "dwarf-with-dsym";
				ENABLE_NS_ASSERTIONS = NO;
				ENABLE_STRICT_OBJC_MSGSEND = YES;
				GCC_C_LANGUAGE_STANDARD = gnu11;
				GCC_NO_COMMON_BLOCKS = YES;
				GCC_WARN_64_TO_32_BIT_CONVERSION = YES;
				GCC_WARN_ABOUT_RETURN_TYPE = YES_ERROR;
				GCC_WARN_UNDECLARED_SELECTOR = YES;
				GCC_WARN_UNINITIALIZED_AUTOS = YES_AGGRESSIVE;
				GCC_WARN_UNUSED_FUNCTION = YES;
				GCC_WARN_UNUSED_VARIABLE = YES;
				MTL_ENABLE_DEBUG_INFO = NO;
				MTL_FAST_MATH = YES;
				SWIFT_COMPILATION_MODE = wholemodule;
				SWIFT_OPTIMIZATION_LEVEL = "-O";
			};
			name = Release;
		};
		1D1C9C31293724E600FD8919 /* Debug */ = {
			isa = XCBuildConfiguration;
			baseConfigurationReference = C84D2C2954002B400D2E0A3B /* Pods-countries.debug.xcconfig */;
			buildSettings = {
				ALWAYS_EMBED_SWIFT_STANDARD_LIBRARIES = YES;
				ASSETCATALOG_COMPILER_APPICON_NAME = AppIcon;
				ASSETCATALOG_COMPILER_GLOBAL_ACCENT_COLOR_NAME = AccentColor;
				CODE_SIGN_ENTITLEMENTS = countries/countries.entitlements;
				CODE_SIGN_STYLE = Automatic;
				CURRENT_PROJECT_VERSION = 1;
				DEVELOPMENT_ASSET_PATHS = "\"countries/Preview Content\"";
				DEVELOPMENT_TEAM = R86YR98C9Q;
				ENABLE_HARDENED_RUNTIME = YES;
				ENABLE_PREVIEWS = YES;
				GENERATE_INFOPLIST_FILE = YES;
				INFOPLIST_KEY_CFBundleDisplayName = Countries;
				"INFOPLIST_KEY_UIApplicationSceneManifest_Generation[sdk=iphoneos*]" = YES;
				"INFOPLIST_KEY_UIApplicationSceneManifest_Generation[sdk=iphonesimulator*]" = YES;
				"INFOPLIST_KEY_UIApplicationSupportsIndirectInputEvents[sdk=iphoneos*]" = YES;
				"INFOPLIST_KEY_UIApplicationSupportsIndirectInputEvents[sdk=iphonesimulator*]" = YES;
				"INFOPLIST_KEY_UILaunchScreen_Generation[sdk=iphoneos*]" = YES;
				"INFOPLIST_KEY_UILaunchScreen_Generation[sdk=iphonesimulator*]" = YES;
				"INFOPLIST_KEY_UIStatusBarStyle[sdk=iphoneos*]" = UIStatusBarStyleDefault;
				"INFOPLIST_KEY_UIStatusBarStyle[sdk=iphonesimulator*]" = UIStatusBarStyleDefault;
				INFOPLIST_KEY_UISupportedInterfaceOrientations_iPad = "UIInterfaceOrientationPortrait UIInterfaceOrientationPortraitUpsideDown UIInterfaceOrientationLandscapeLeft UIInterfaceOrientationLandscapeRight";
				INFOPLIST_KEY_UISupportedInterfaceOrientations_iPhone = "UIInterfaceOrientationPortrait UIInterfaceOrientationLandscapeLeft UIInterfaceOrientationLandscapeRight";
				IPHONEOS_DEPLOYMENT_TARGET = 13.0;
				LD_RUNPATH_SEARCH_PATHS = "@executable_path/Frameworks";
				"LD_RUNPATH_SEARCH_PATHS[sdk=macosx*]" = "@executable_path/../Frameworks";
				MACOSX_DEPLOYMENT_TARGET = 13.0;
				MARKETING_VERSION = 1.0;
				PRODUCT_BUNDLE_IDENTIFIER = com.ricardogranja.countries;
				PRODUCT_NAME = "$(TARGET_NAME)";
				SDKROOT = auto;
				SUPPORTED_PLATFORMS = "iphoneos iphonesimulator macosx";
				SWIFT_EMIT_LOC_STRINGS = YES;
				SWIFT_VERSION = 5.0;
				TARGETED_DEVICE_FAMILY = "1,2";
			};
			name = Debug;
		};
		1D1C9C32293724E600FD8919 /* Release */ = {
			isa = XCBuildConfiguration;
			baseConfigurationReference = 12794B7B132DE526E35B41AA /* Pods-countries.release.xcconfig */;
			buildSettings = {
				ALWAYS_EMBED_SWIFT_STANDARD_LIBRARIES = YES;
				ASSETCATALOG_COMPILER_APPICON_NAME = AppIcon;
				ASSETCATALOG_COMPILER_GLOBAL_ACCENT_COLOR_NAME = AccentColor;
				CODE_SIGN_ENTITLEMENTS = countries/countries.entitlements;
				CODE_SIGN_STYLE = Automatic;
				CURRENT_PROJECT_VERSION = 1;
				DEVELOPMENT_ASSET_PATHS = "\"countries/Preview Content\"";
				DEVELOPMENT_TEAM = R86YR98C9Q;
				ENABLE_HARDENED_RUNTIME = YES;
				ENABLE_PREVIEWS = YES;
				GENERATE_INFOPLIST_FILE = YES;
				INFOPLIST_KEY_CFBundleDisplayName = Countries;
				"INFOPLIST_KEY_UIApplicationSceneManifest_Generation[sdk=iphoneos*]" = YES;
				"INFOPLIST_KEY_UIApplicationSceneManifest_Generation[sdk=iphonesimulator*]" = YES;
				"INFOPLIST_KEY_UIApplicationSupportsIndirectInputEvents[sdk=iphoneos*]" = YES;
				"INFOPLIST_KEY_UIApplicationSupportsIndirectInputEvents[sdk=iphonesimulator*]" = YES;
				"INFOPLIST_KEY_UILaunchScreen_Generation[sdk=iphoneos*]" = YES;
				"INFOPLIST_KEY_UILaunchScreen_Generation[sdk=iphonesimulator*]" = YES;
				"INFOPLIST_KEY_UIStatusBarStyle[sdk=iphoneos*]" = UIStatusBarStyleDefault;
				"INFOPLIST_KEY_UIStatusBarStyle[sdk=iphonesimulator*]" = UIStatusBarStyleDefault;
				INFOPLIST_KEY_UISupportedInterfaceOrientations_iPad = "UIInterfaceOrientationPortrait UIInterfaceOrientationPortraitUpsideDown UIInterfaceOrientationLandscapeLeft UIInterfaceOrientationLandscapeRight";
				INFOPLIST_KEY_UISupportedInterfaceOrientations_iPhone = "UIInterfaceOrientationPortrait UIInterfaceOrientationLandscapeLeft UIInterfaceOrientationLandscapeRight";
				IPHONEOS_DEPLOYMENT_TARGET = 13.0;
				LD_RUNPATH_SEARCH_PATHS = "@executable_path/Frameworks";
				"LD_RUNPATH_SEARCH_PATHS[sdk=macosx*]" = "@executable_path/../Frameworks";
				MACOSX_DEPLOYMENT_TARGET = 13.0;
				MARKETING_VERSION = 1.0;
				PRODUCT_BUNDLE_IDENTIFIER = com.ricardogranja.countries;
				PRODUCT_NAME = "$(TARGET_NAME)";
				SDKROOT = auto;
				SUPPORTED_PLATFORMS = "iphoneos iphonesimulator macosx";
				SWIFT_EMIT_LOC_STRINGS = YES;
				SWIFT_VERSION = 5.0;
				TARGETED_DEVICE_FAMILY = "1,2";
			};
			name = Release;
		};
/* End XCBuildConfiguration section */

/* Begin XCConfigurationList section */
		1D1C9C1C293724E400FD8919 /* Build configuration list for PBXProject "countries" */ = {
			isa = XCConfigurationList;
			buildConfigurations = (
				1D1C9C2E293724E600FD8919 /* Debug */,
				1D1C9C2F293724E600FD8919 /* Release */,
			);
			defaultConfigurationIsVisible = 0;
			defaultConfigurationName = Release;
		};
		1D1C9C30293724E600FD8919 /* Build configuration list for PBXNativeTarget "countries" */ = {
			isa = XCConfigurationList;
			buildConfigurations = (
				1D1C9C31293724E600FD8919 /* Debug */,
				1D1C9C32293724E600FD8919 /* Release */,
			);
			defaultConfigurationIsVisible = 0;
			defaultConfigurationName = Release;
		};
/* End XCConfigurationList section */
	};
	rootObject = 1D1C9C19293724E400FD8919 /* Project object */;
}
